# This file is automatically @generated by Poetry 1.8.3 and should not be changed by hand.

[[package]]
name = "glpk"
version = "0.4.7"
description = "PyGLPK, a Python module encapsulating GLPK."
optional = false
python-versions = "*"
files = [
    {file = "glpk-0.4.7.tar.gz", hash = "sha256:89a658914b13ae4557b15de945943628c9fc165d46697881027dc39a3dbe9ec3"},
]

[[package]]
name = "ply"
version = "3.11"
description = "Python Lex & Yacc"
optional = false
python-versions = "*"
files = [
    {file = "ply-3.11-py2.py3-none-any.whl", hash = "sha256:096f9b8350b65ebd2fd1346b12452efe5b9607f7482813ffca50c22722a807ce"},
    {file = "ply-3.11.tar.gz", hash = "sha256:00c7c1aaa88358b9c765b6d3000c6eec0ba42abca5351b095321aef446081da3"},
]

[[package]]
name = "pyomo"
version = "6.7.2"
description = "Pyomo: Python Optimization Modeling Objects"
optional = false
python-versions = ">=3.8"
files = [
    {file = "Pyomo-6.7.2-cp310-cp310-macosx_11_0_arm64.whl", hash = "sha256:62a94f01f7ba8a69140dd86d7cfe954c8c7991bdc02494bcb6faf90a59bf1fd1"},
    {file = "Pyomo-6.7.2-cp310-cp310-manylinux_2_17_aarch64.manylinux2014_aarch64.whl", hash = "sha256:8a8fe59997141be15f7f43b5814106b85e3c5baa3e31a183f7d54bc119bb714a"},
    {file = "Pyomo-6.7.2-cp310-cp310-manylinux_2_17_x86_64.manylinux2014_x86_64.whl", hash = "sha256:95ad23b5218e97bb5cc93d90af4aadeacd550fc21a536d737823ded109dc5490"},
    {file = "Pyomo-6.7.2-cp310-cp310-win_amd64.whl", hash = "sha256:b529d4417a648193667cdecc8f5ba5265bdcc5c6f1b5e7194bc6eea331597be4"},
    {file = "Pyomo-6.7.2-cp310-cp310-win_arm64.whl", hash = "sha256:fb761c4dfff89736ce45331cb2333c92bfffb4da40cffa0cbc5f3b65167bbbdb"},
    {file = "Pyomo-6.7.2-cp311-cp311-macosx_11_0_arm64.whl", hash = "sha256:b25ba5e9e4a12bdc75dfddbd3b26a6f2fd7434e10100e04f99fb61fbcf60197b"},
    {file = "Pyomo-6.7.2-cp311-cp311-manylinux_2_17_aarch64.manylinux2014_aarch64.whl", hash = "sha256:f8390d8f31dc02d11ea754f2aaa00c98af78e1b044496c43678ce84292630d99"},
    {file = "Pyomo-6.7.2-cp311-cp311-manylinux_2_17_x86_64.manylinux2014_x86_64.whl", hash = "sha256:4a0b372eba376ad5d3f1647b4dff6f9628e3df8d73c686e325a322ae926569ea"},
    {file = "Pyomo-6.7.2-cp311-cp311-win_amd64.whl", hash = "sha256:060619463ee24d4fa7fcfab862f225ad54b3fd4ceee62712beff39b2efb6f516"},
    {file = "Pyomo-6.7.2-cp311-cp311-win_arm64.whl", hash = "sha256:3874010e99e91b5797fa7345bf7967cb1fbaf9e950c41f63a82a3f23bd39d025"},
    {file = "Pyomo-6.7.2-cp312-cp312-macosx_11_0_arm64.whl", hash = "sha256:4af3afea70b35b8608db7a9a4ac9dc8a8d118820bf6820b21d53ff4260dfaecc"},
    {file = "Pyomo-6.7.2-cp312-cp312-manylinux_2_17_aarch64.manylinux2014_aarch64.whl", hash = "sha256:0daa3d8f115e6f0bd3055aeadc77a3517adae6878cc00dc5eb0a26f32ed3a9b5"},
    {file = "Pyomo-6.7.2-cp312-cp312-manylinux_2_17_x86_64.manylinux2014_x86_64.whl", hash = "sha256:5e8f382ebfdb52f5d8fc5229a1aa788e05149938b4449d47cf5b248656bde9ac"},
    {file = "Pyomo-6.7.2-cp312-cp312-win_amd64.whl", hash = "sha256:85081bfa25c8bb3ff97f1150839d2f0808e1af8fab4d1357b0a1fa14a159b80a"},
    {file = "Pyomo-6.7.2-cp312-cp312-win_arm64.whl", hash = "sha256:1c2aa2d5bc9e78f043b3d4deb34688c98988e0000c1ef112bffb56cca7f7d2f9"},
    {file = "Pyomo-6.7.2-cp38-cp38-macosx_11_0_arm64.whl", hash = "sha256:cc50ad5cf46bf0c20396c263309abe651c567c703cdae484bf61926317a51c0b"},
    {file = "Pyomo-6.7.2-cp38-cp38-manylinux_2_17_aarch64.manylinux2014_aarch64.whl", hash = "sha256:c549700e1446b15bf7b3267d2472a1eb54db927a03ee6b451152ddeaa8b33843"},
    {file = "Pyomo-6.7.2-cp38-cp38-manylinux_2_17_x86_64.manylinux2014_x86_64.whl", hash = "sha256:ef9b83b55db1a861a949fe87555c7f788d16430c5b21a550cf9e1dceb4b32a60"},
    {file = "Pyomo-6.7.2-cp38-cp38-win_amd64.whl", hash = "sha256:58312daa67b98402b8990fb4436684a7f96bc9468a2056e5d99c1ae2629d4f47"},
    {file = "Pyomo-6.7.2-cp39-cp39-macosx_11_0_arm64.whl", hash = "sha256:7eb9cc1077600c207ddbc64acc86df7877aba5282a1f3e0a7f59110f49377e3e"},
    {file = "Pyomo-6.7.2-cp39-cp39-manylinux_2_17_aarch64.manylinux2014_aarch64.whl", hash = "sha256:3bb8f164b9a8be498963deee38d1e9104b8034342db6e4c8204dc6ab75fe5448"},
    {file = "Pyomo-6.7.2-cp39-cp39-manylinux_2_17_x86_64.manylinux2014_x86_64.whl", hash = "sha256:cbdabe4da214981f8b0762ab5b770948d4e5b1f737ddf522a5bc389ffd5ec830"},
    {file = "Pyomo-6.7.2-cp39-cp39-win_amd64.whl", hash = "sha256:d8e5495429a078a10b2f86f5de120b5b684fb447b5e73cd8b8c0792da41e43ba"},
    {file = "Pyomo-6.7.2-cp39-cp39-win_arm64.whl", hash = "sha256:6df2acfadecdb3fd0e0caa1e3edd5c4067daf2740fffa6d491947191deca5686"},
    {file = "Pyomo-6.7.2.tar.gz", hash = "sha256:53bef766854f7607ca1fcfe3f218594ab382f137a275cee3d925d2b2f96876bf"},
]

[package.dependencies]
ply = "*"

[package.extras]
docs = ["Sphinx (>4)", "enum-tools", "numpy (<2.0.0)", "scipy", "sphinx-copybutton", "sphinx-jinja2-compat (>=0.1.1)", "sphinx-rtd-theme (>0.5)", "sphinx-toolbox (>=2.16.0)", "sphinxcontrib-jsmath", "sphinxcontrib-napoleon"]
optional = ["casadi", "dill", "ipython", "matplotlib (!=3.6.1)", "networkx", "networkx (<3.2)", "numdifftools", "numpy (<2.0.0)", "openpyxl", "pandas", "pint", "plotly", "python-louvain", "pywin32", "pyyaml", "qtconsole", "scipy", "seaborn", "sympy", "xlrd", "z3-solver"]
tests = ["coverage", "parameterized", "pybind11", "pytest", "pytest-parallel"]

[metadata]
lock-version = "2.0"
python-versions = "^3.10"
content-hash = "6108268bcd26b1a0e643c6cc0c0ab0337d6e04e0eea3e91faf9486c7580ec918"
